
Microsoft Visual Studio Solution File, Format Version 12.00
# Visual Studio Version 17
VisualStudioVersion = 17.5.002.0
MinimumVisualStudioVersion = 10.0.40219.1
Project("{9A19103F-16F7-4668-BE54-9A1E7A4F7556}") = "EightToTen", "EightToTen.csproj", "{11094062-6F34-4BBB-96A8-23A0E03F859C}"
EndProject
Global
	GlobalSection(SolutionConfigurationPlatforms) = preSolution
		Debug|Any CPU = Debug|Any CPU
		Release|Any CPU = Release|Any CPU
	EndGlobalSection
	GlobalSection(ProjectConfigurationPlatforms) = postSolution
		{11094062-6F34-4BBB-96A8-23A0E03F859C}.Debug|Any CPU.ActiveCfg = Debug|Any CPU
		{11094062-6F34-4BBB-96A8-23A0E03F859C}.Debug|Any CPU.Build.0 = Debug|Any CPU
		{11094062-6F34-4BBB-96A8-23A0E03F859C}.Release|Any CPU.ActiveCfg = Release|Any CPU
		{11094062-6F34-4BBB-96A8-23A0E03F859C}.Release|Any CPU.Build.0 = Release|Any CPU
	EndGlobalSection
	GlobalSection(SolutionProperties) = preSolution
		HideSolutionNode = FALSE
	EndGlobalSection
	GlobalSection(ExtensibilityGlobals) = postSolution
		SolutionGuid = {7CFCA221-89BC-4974-B85B-FD00D3B91EA6}
	EndGlobalSection
EndGlobal
